
Microsoft Visual Studio Solution File, Format Version 12.00
# Visual Studio Version 16
VisualStudioVersion = 16.0.31624.102
MinimumVisualStudioVersion = 10.0.40219.1
Project("{FAE04EC0-301F-11D3-BF4B-00C04F79EFBC}") = "Housing Prediction Value Tool", "Housing Prediction Value Tool\Housing Prediction Value Tool.csproj", "{08DD6854-0809-4DA8-A94E-9FD63EE373A7}"
EndProject
Global
	GlobalSection(SolutionConfigurationPlatforms) = preSolution
		Debug|Any CPU = Debug|Any CPU
		Release|Any CPU = Release|Any CPU
	EndGlobalSection
	GlobalSection(ProjectConfigurationPlatforms) = postSolution
		{08DD6854-0809-4DA8-A94E-9FD63EE373A7}.Debug|Any CPU.ActiveCfg = Debug|Any CPU
		{08DD6854-0809-4DA8-A94E-9FD63EE373A7}.Debug|Any CPU.Build.0 = Debug|Any CPU
		{08DD6854-0809-4DA8-A94E-9FD63EE373A7}.Release|Any CPU.ActiveCfg = Release|Any CPU
		{08DD6854-0809-4DA8-A94E-9FD63EE373A7}.Release|Any CPU.Build.0 = Release|Any CPU
	EndGlobalSection
	GlobalSection(SolutionProperties) = preSolution
		HideSolutionNode = FALSE
	EndGlobalSection
	GlobalSection(ExtensibilityGlobals) = postSolution
		SolutionGuid = {4AAFF355-9F04-4F1A-ADA5-F3CB5B19A28E}
	EndGlobalSection
EndGlobal
